<?xml version="1.0" encoding="utf-8"?>
<Project xmlns="http://schemas.microsoft.com/developer/msbuild/2003">
  <ItemGroup>
    <Filter Include="Generated Files">
      <UniqueIdentifier>{71ED8ED8-ACB9-4CE9-BBE1-E00B30144E11}</UniqueIdentifier>
      <Extensions>cpp;c;cxx;moc;h;def;odl;idl;res;</Extensions>
    </Filter>
    <Filter Include="Generated Files">
      <UniqueIdentifier>{71ED8ED8-ACB9-4CE9-BBE1-E00B30144E11}</UniqueIdentifier>
      <Extensions>cpp;c;cxx;moc;h;def;odl;idl;res;</Extensions>
    </Filter>
    <Filter Include="Header Files">
      <UniqueIdentifier>{93995380-89BD-4b04-88EB-625FBE52EBFB}</UniqueIdentifier>
      <Extensions>h;hpp;hxx;hm;inl;inc;xsd</Extensions>
    </Filter>
    <Filter Include="Header Files">
      <UniqueIdentifier>{93995380-89BD-4b04-88EB-625FBE52EBFB}</UniqueIdentifier>
      <Extensions>h;hpp;hxx;hm;inl;inc;xsd</Extensions>
    </Filter>
    <Filter Include="Resource Files">
      <UniqueIdentifier>{D9D6E242-F8AF-46E4-B9FD-80ECBC20BA3E}</UniqueIdentifier>
      <Extensions>qrc;*</Extensions>
      <ParseFiles>false</ParseFiles>
    </Filter>
    <Filter Include="Resource Files">
      <UniqueIdentifier>{D9D6E242-F8AF-46E4-B9FD-80ECBC20BA3E}</UniqueIdentifier>
      <Extensions>qrc;*</Extensions>
      <ParseFiles>false</ParseFiles>
    </Filter>
    <Filter Include="Source Files">
      <UniqueIdentifier>{4FC737F1-C7A5-4376-A066-2A32D752A2FF}</UniqueIdentifier>
      <Extensions>cpp;c;cxx;def;odl;idl;hpj;bat;asm;asmx</Extensions>
    </Filter>
    <Filter Include="Source Files">
      <UniqueIdentifier>{4FC737F1-C7A5-4376-A066-2A32D752A2FF}</UniqueIdentifier>
      <Extensions>cpp;c;cxx;def;odl;idl;hpj;bat;asm;asmx</Extensions>
    </Filter>
    <Filter Include="Translation Files">
      <UniqueIdentifier>{639EADAA-A684-42e4-A9AD-28FC9BCB8F7C}</UniqueIdentifier>
      <Extensions>ts;xlf</Extensions>
      <ParseFiles>false</ParseFiles>
    </Filter>
    <Filter Include="Translation Files">
      <UniqueIdentifier>{639EADAA-A684-42e4-A9AD-28FC9BCB8F7C}</UniqueIdentifier>
      <Extensions>ts;xlf</Extensions>
      <ParseFiles>false</ParseFiles>
    </Filter>
  </ItemGroup>
  <ItemGroup>
    <ClCompile Include="borderlayout.cpp">
      <Filter>Source Files</Filter>
    </ClCompile>
    <ClCompile Include="channelview_info.cpp">
      <Filter>Source Files</Filter>
    </ClCompile>
    <ClCompile Include="childfrm.cpp">
      <Filter>Source Files</Filter>
    </ClCompile>
    <ClCompile Include="left_view.cpp">
      <Filter>Source Files</Filter>
    </ClCompile>
    <ClCompile Include="osc.cpp">
      <Filter>Source Files</Filter>
    </ClCompile>
    <ClCompile Include="osc_module.cpp">
      <Filter>Source Files</Filter>
    </ClCompile>
    <ClCompile Include="right_view.cpp">
      <Filter>Source Files</Filter>
    </ClCompile>
    <ClCompile Include="wave_info.cpp">
      <Filter>Source Files</Filter>
    </ClCompile>
    <ClCompile Include="GeneratedFiles\Debug\moc_right_view.cpp">
      <Filter>Generated Files</Filter>
    </ClCompile>
    <ClCompile Include="GeneratedFiles\Release\moc_right_view.cpp">
      <Filter>Generated Files</Filter>
    </ClCompile>
    <ClCompile Include="GeneratedFiles\Debug\moc_plugin_module.cpp">
      <Filter>Generated Files</Filter>
    </ClCompile>
    <ClCompile Include="GeneratedFiles\Release\moc_plugin_module.cpp">
      <Filter>Generated Files</Filter>
    </ClCompile>
    <ClCompile Include="GeneratedFiles\Debug\moc_osc_module.cpp">
      <Filter>Generated Files</Filter>
    </ClCompile>
    <ClCompile Include="GeneratedFiles\Release\moc_osc_module.cpp">
      <Filter>Generated Files</Filter>
    </ClCompile>
    <ClCompile Include="GeneratedFiles\Debug\moc_left_view.cpp">
      <Filter>Generated Files</Filter>
    </ClCompile>
    <ClCompile Include="GeneratedFiles\Release\moc_left_view.cpp">
      <Filter>Generated Files</Filter>
    </ClCompile>
    <ClCompile Include="GeneratedFiles\Debug\moc_childfrm.cpp">
      <Filter>Generated Files</Filter>
    </ClCompile>
    <ClCompile Include="GeneratedFiles\Release\moc_childfrm.cpp">
      <Filter>Generated Files</Filter>
    </ClCompile>
    <ClCompile Include="GeneratedFiles\qrc_osc.cpp">
      <Filter>Generated Files</Filter>
    </ClCompile>
    <ClCompile Include="colour_table.cpp">
      <Filter>Source Files</Filter>
    </ClCompile>
    <ClCompile Include="screenshot.cpp">
      <Filter>Source Files</Filter>
    </ClCompile>
    <ClCompile Include="GeneratedFiles\Debug\moc_amplifier.cpp">
      <Filter>Generated Files</Filter>
    </ClCompile>
    <ClCompile Include="GeneratedFiles\Release\moc_amplifier.cpp">
      <Filter>Generated Files</Filter>
    </ClCompile>
    <ClCompile Include="common_helper.cpp">
      <Filter>Source Files</Filter>
    </ClCompile>
    <ClCompile Include="amplifier.cpp">
      <Filter>Source Files</Filter>
    </ClCompile>
    <ClCompile Include="GeneratedFiles\Debug\moc_screenshot.cpp">
      <Filter>Generated Files</Filter>
    </ClCompile>
    <ClCompile Include="GeneratedFiles\Release\moc_screenshot.cpp">
      <Filter>Generated Files</Filter>
    </ClCompile>
  </ItemGroup>
  <ItemGroup>
    <ClInclude Include="borderlayout.h">
      <Filter>Header Files</Filter>
    </ClInclude>
    <ClInclude Include="channelview_info.h">
      <Filter>Header Files</Filter>
    </ClInclude>
    <CustomBuild Include="childfrm.h">
      <Filter>Header Files</Filter>
    </CustomBuild>
    <ClInclude Include="colour_define.h">
      <Filter>Header Files</Filter>
    </ClInclude>
    <CustomBuild Include="left_view.h">
      <Filter>Header Files</Filter>
    </CustomBuild>
    <ClInclude Include="osc.h">
      <Filter>Header Files</Filter>
    </ClInclude>
    <CustomBuild Include="osc_module.h">
      <Filter>Header Files</Filter>
    </CustomBuild>
    <ClInclude Include="osc_treeitem_def.h">
      <Filter>Header Files</Filter>
    </ClInclude>
    <CustomBuild Include="..\..\..\include\devicestudio\plugin_module.h">
      <Filter>Header Files</Filter>
    </CustomBuild>
    <CustomBuild Include="right_view.h">
      <Filter>Header Files</Filter>
    </CustomBuild>
    <ClInclude Include="stl_util-inl.h">
      <Filter>Header Files</Filter>
    </ClInclude>
    <ClInclude Include="wave_info.h">
      <Filter>Header Files</Filter>
    </ClInclude>
    <ClInclude Include="colour_table.h">
      <Filter>Header Files</Filter>
    </ClInclude>
    <ClInclude Include="common_helper.h">
      <Filter>Header Files</Filter>
    </ClInclude>
  </ItemGroup>
  <ItemGroup>
    <CustomBuild Include="GeneratedFiles\debug\moc_predefs.h.cbt">
      <Filter>Generated Files</Filter>
    </CustomBuild>
    <CustomBuild Include="GeneratedFiles\release\moc_predefs.h.cbt">
      <Filter>Generated Files</Filter>
    </CustomBuild>
    <CustomBuild Include="amplifier.h">
      <Filter>Header Files</Filter>
    </CustomBuild>
    <CustomBuild Include="screenshot.h">
      <Filter>Header Files</Filter>
    </CustomBuild>
  </ItemGroup>
  <ItemGroup>
    <None Include="osc-zh-CN.ts">
      <Filter>Translation Files</Filter>
    </None>
  </ItemGroup>
  <ItemGroup>
    <None Include="images\1leftarrow.png">
      <Filter>Resource Files</Filter>
    </None>
    <None Include="images\1rightarrow.png">
      <Filter>Resource Files</Filter>
    </None>
    <None Include="images\2level.png">
      <Filter>Resource Files</Filter>
    </None>
    <None Include="images\amplitude.png">
      <Filter>Resource Files</Filter>
    </None>
    <None Include="images\attribute.png">
      <Filter>Resource Files</Filter>
    </None>
    <None Include="images\button_cancel.png">
      <Filter>Resource Files</Filter>
    </None>
    <None Include="images\cascade.png">
      <Filter>Resource Files</Filter>
    </None>
    <None Include="images\channel.png">
      <Filter>Resource Files</Filter>
    </None>
    <None Include="images\close.png">
      <Filter>Resource Files</Filter>
    </None>
    <None Include="images\color.png">
      <Filter>Resource Files</Filter>
    </None>
    <None Include="images\communication.png">
      <Filter>Resource Files</Filter>
    </None>
    <None Include="images\configure.png">
      <Filter>Resource Files</Filter>
    </None>
    <None Include="images\copy.png">
      <Filter>Resource Files</Filter>
    </None>
    <None Include="images\curve.png">
      <Filter>Resource Files</Filter>
    </None>
    <None Include="images\cut.png">
      <Filter>Resource Files</Filter>
    </None>
    <None Include="images\exchange.png">
      <Filter>Resource Files</Filter>
    </None>
    <None Include="images\fileopen.png">
      <Filter>Resource Files</Filter>
    </None>
    <None Include="images\fileprint.png">
      <Filter>Resource Files</Filter>
    </None>
    <None Include="images\harmonic.png">
      <Filter>Resource Files</Filter>
    </None>
    <None Include="images\help.png">
      <Filter>Resource Files</Filter>
    </None>
    <None Include="images\measurement.png">
      <Filter>Resource Files</Filter>
    </None>
    <None Include="images\new.png">
      <Filter>Resource Files</Filter>
    </None>
    <None Include="images\open.png">
      <Filter>Resource Files</Filter>
    </None>
    <None Include="images\open2.png">
      <Filter>Resource Files</Filter>
    </None>
    <CustomBuild Include="osc.qrc">
      <Filter>Resource Files</Filter>
    </CustomBuild>
    <None Include="images\paste.png">
      <Filter>Resource Files</Filter>
    </None>
    <None Include="images\pdfprint.png">
      <Filter>Resource Files</Filter>
    </None>
    <None Include="images\preview.png">
      <Filter>Resource Files</Filter>
    </None>
    <None Include="images\print.png">
      <Filter>Resource Files</Filter>
    </None>
    <None Include="images\printpreview.png">
      <Filter>Resource Files</Filter>
    </None>
    <None Include="images\printset.png">
      <Filter>Resource Files</Filter>
    </None>
    <None Include="images\recover.png">
      <Filter>Resource Files</Filter>
    </None>
    <None Include="images\save.png">
      <Filter>Resource Files</Filter>
    </None>
    <None Include="images\sequence.png">
      <Filter>Resource Files</Filter>
    </None>
    <None Include="images\shellfile.png">
      <Filter>Resource Files</Filter>
    </None>
    <None Include="images\stretch.png">
      <Filter>Resource Files</Filter>
    </None>
    <None Include="images\undo.png">
      <Filter>Resource Files</Filter>
    </None>
    <None Include="images\usermanage.png">
      <Filter>Resource Files</Filter>
    </None>
    <None Include="images\vector.png">
      <Filter>Resource Files</Filter>
    </None>
    <None Include="images\viewzoomin.png">
      <Filter>Resource Files</Filter>
    </None>
    <None Include="images\viewzoomout.png">
      <Filter>Resource Files</Filter>
    </None>
    <None Include="images\zoom.png">
      <Filter>Resource Files</Filter>
    </None>
    <None Include="images\zoomin.png">
      <Filter>Resource Files</Filter>
    </None>
    <None Include="images\zoomout.png">
      <Filter>Resource Files</Filter>
    </None>
  </ItemGroup>
  <ItemGroup>
    <ResourceCompile Include="osc.rc" />
  </ItemGroup>
</Project>